
Microsoft Visual Studio Solution File, Format Version 12.00
# RemObjects Fire
Project("{656346d9-4656-40da-a068-22d5425d4639}") = "rodl2code.CodeGen4", "..\Shared\rodl2code.CodeGen4.elements", "{11c27494-ad37-48e9-b3c7-b4f09028bc48}"
EndProject
Project("{656346d9-4656-40da-a068-22d5425d4639}") = "rodl2code.Cooper", "rodl2code.Cooper.elements", "{a2ec4eaf-2a98-4c92-b5e5-ed3c517a379e}"
EndProject
Project("{656346d9-4656-40da-a068-22d5425d4639}") = "rodl2code.Echoes", "rodl2code.Echoes.elements", "{5fc49704-b393-45d9-b944-b5ef8fae1dac}"
EndProject
Project("{656346d9-4656-40da-a068-22d5425d4639}") = "rodl2code.Island", "rodl2code.Island.elements", "{554c06a3-e2e1-4b18-8fa5-825365643b91}"
EndProject
Project("{656346d9-4656-40da-a068-22d5425d4639}") = "rodl2code.Shared", "..\Shared\rodl2code.Shared.elements", "{37995c14-dab7-4461-b35a-e316bd5f4e02}"
EndProject
Project("{656346d9-4656-40da-a068-22d5425d4639}") = "rodl2code.Toffee", "rodl2code.Toffee.elements", "{eae7da8a-6033-4785-af39-d67681b97b95}"
EndProject
Global
	GlobalSection(SolutionConfigurationPlatforms) = preSolution
		Debug|AnyCPU = Debug|AnyCPU
		Release|AnyCPU = Release|AnyCPU
	EndGlobalSection
	GlobalSection(ProjectConfigurationPlatforms) = postSolution
		{a2ec4eaf-2a98-4c92-b5e5-ed3c517a379e}.Debug|AnyCPU.ActiveCfg = Debug|AnyCPU
		{a2ec4eaf-2a98-4c92-b5e5-ed3c517a379e}.Debug|AnyCPU.Build.0 = Debug|AnyCPU
		{a2ec4eaf-2a98-4c92-b5e5-ed3c517a379e}.Release|AnyCPU.ActiveCfg = Release|AnyCPU
		{a2ec4eaf-2a98-4c92-b5e5-ed3c517a379e}.Release|AnyCPU.Build.0 = Release|AnyCPU
		{5fc49704-b393-45d9-b944-b5ef8fae1dac}.Debug|AnyCPU.ActiveCfg = Debug|AnyCPU
		{5fc49704-b393-45d9-b944-b5ef8fae1dac}.Debug|AnyCPU.Build.0 = Debug|AnyCPU
		{5fc49704-b393-45d9-b944-b5ef8fae1dac}.Release|AnyCPU.ActiveCfg = Release|AnyCPU
		{5fc49704-b393-45d9-b944-b5ef8fae1dac}.Release|AnyCPU.Build.0 = Release|AnyCPU
		{554c06a3-e2e1-4b18-8fa5-825365643b91}.Debug|AnyCPU.ActiveCfg = Debug|AnyCPU
		{554c06a3-e2e1-4b18-8fa5-825365643b91}.Debug|AnyCPU.Build.0 = Debug|AnyCPU
		{554c06a3-e2e1-4b18-8fa5-825365643b91}.Release|AnyCPU.ActiveCfg = Release|AnyCPU
		{554c06a3-e2e1-4b18-8fa5-825365643b91}.Release|AnyCPU.Build.0 = Release|AnyCPU
		{eae7da8a-6033-4785-af39-d67681b97b95}.Debug|AnyCPU.ActiveCfg = Debug|AnyCPU
		{eae7da8a-6033-4785-af39-d67681b97b95}.Debug|AnyCPU.Build.0 = Debug|AnyCPU
		{eae7da8a-6033-4785-af39-d67681b97b95}.Release|AnyCPU.ActiveCfg = Release|AnyCPU
		{eae7da8a-6033-4785-af39-d67681b97b95}.Release|AnyCPU.Build.0 = Release|AnyCPU
	EndGlobalSection
	GlobalSection(SolutionProperties) = preSolution
		HideSolutionNode = FALSE
	EndGlobalSection
	GlobalSection(ExtensibilityGlobals) = preSolution
		SolutionGuid = {E6EBDCF5-A9F7-44E1-9A3D-8596F413DD4C}
	EndGlobalSection
EndGlobal