
Microsoft Visual Studio Solution File, Format Version 12.00
# RemObjects Fire
Project("{656346D9-4656-40DA-A068-22D5425D4639}") = "rodl2code.Shared", "..\Shared\rodl2code.Shared.elements", "{37995C14-DAB7-4461-B35A-E316BD5F4E02}"
EndProject
Project("{656346D9-4656-40DA-A068-22D5425D4639}") = "ROServiceImporter", "ROServiceImporter.elements", "{91ED24B4-DEA5-428D-BC9B-4E9392732F55}"
EndProject
Global
	GlobalSection(SolutionConfigurationPlatforms) = preSolution
		Debug|AnyCPU = Debug|AnyCPU
		Release|AnyCPU = Release|AnyCPU
	EndGlobalSection
	GlobalSection(ProjectConfigurationPlatforms) = postSolution
		{91ED24B4-DEA5-428D-BC9B-4E9392732F55}.Debug|AnyCPU.ActiveCfg = Debug|AnyCPU
		{91ED24B4-DEA5-428D-BC9B-4E9392732F55}.Debug|AnyCPU.Build.0 = Debug|AnyCPU
		{91ED24B4-DEA5-428D-BC9B-4E9392732F55}.Release|AnyCPU.ActiveCfg = Release|AnyCPU
		{91ED24B4-DEA5-428D-BC9B-4E9392732F55}.Release|AnyCPU.Build.0 = Release|AnyCPU
	EndGlobalSection
	GlobalSection(SolutionProperties) = preSolution
		HideSolutionNode = FALSE
	EndGlobalSection
EndGlobal