
Microsoft Visual Studio Solution File, Format Version 12.00
# RemObjects Fire
Project("{656346d9-4656-40da-a068-22d5425d4639}") = "rodl2code.CodeGen4", "..\Shared\rodl2code.CodeGen4.elements", "{11c27494-ad37-48e9-b3c7-b4f09028bc48}"
EndProject
Project("{656346d9-4656-40da-a068-22d5425d4639}") = "rodl2code.Shared", "..\Shared\rodl2code.Shared.elements", "{37995c14-dab7-4461-b35a-e316bd5f4e02}"
EndProject
Project("{656346d9-4656-40da-a068-22d5425d4639}") = "ROServiceImporter", "ROServiceImporter.elements", "{91ed24b4-dea5-428d-bc9b-4e9392732f55}"
EndProject
Global
	GlobalSection(SolutionConfigurationPlatforms) = preSolution
		Debug|AnyCPU = Debug|AnyCPU
		Release|AnyCPU = Release|AnyCPU
	EndGlobalSection
	GlobalSection(ProjectConfigurationPlatforms) = postSolution
		{91ed24b4-dea5-428d-bc9b-4e9392732f55}.Debug|AnyCPU.ActiveCfg = Debug|AnyCPU
		{91ed24b4-dea5-428d-bc9b-4e9392732f55}.Debug|AnyCPU.Build.0 = Debug|AnyCPU
		{91ed24b4-dea5-428d-bc9b-4e9392732f55}.Release|AnyCPU.ActiveCfg = Release|AnyCPU
		{91ed24b4-dea5-428d-bc9b-4e9392732f55}.Release|AnyCPU.Build.0 = Release|AnyCPU
	EndGlobalSection
	GlobalSection(SolutionProperties) = preSolution
		HideSolutionNode = FALSE
	EndGlobalSection
EndGlobal